
Microsoft Visual Studio Solution File, Format Version 12.00
# Visual Studio Version 17
VisualStudioVersion = 17.4.33110.190
MinimumVisualStudioVersion = 10.0.40219.1
Project("{9A19103F-16F7-4668-BE54-9A1E7A4F7556}") = "Day1_1", "Day1_1\Day1_1.csproj", "{31427696-07BF-4905-8DF9-7A854CB52350}"
EndProject
Project("{9A19103F-16F7-4668-BE54-9A1E7A4F7556}") = "Day_2", "Day_2\Day_2.csproj", "{99359DB7-2F4F-4B58-BFDE-618C1BF9029F}"
EndProject
Project("{9A19103F-16F7-4668-BE54-9A1E7A4F7556}") = "Day_3", "Day_3\Day_3.csproj", "{C883BD46-468C-4DAF-9EA0-187782385D59}"
EndProject
Project("{9A19103F-16F7-4668-BE54-9A1E7A4F7556}") = "Day_4", "Day_4\Day_4.csproj", "{C5E699CF-D85F-4C51-AA43-6CD6C6F57A71}"
EndProject
Project("{FAE04EC0-301F-11D3-BF4B-00C04F79EFBC}") = "Day_5", "Day_5\Day_5.csproj", "{1D032A26-940B-450C-9C4C-8CC3690264CF}"
EndProject
Global
	GlobalSection(SolutionConfigurationPlatforms) = preSolution
		Debug|Any CPU = Debug|Any CPU
		Release|Any CPU = Release|Any CPU
	EndGlobalSection
	GlobalSection(ProjectConfigurationPlatforms) = postSolution
		{31427696-07BF-4905-8DF9-7A854CB52350}.Debug|Any CPU.ActiveCfg = Debug|Any CPU
		{31427696-07BF-4905-8DF9-7A854CB52350}.Debug|Any CPU.Build.0 = Debug|Any CPU
		{31427696-07BF-4905-8DF9-7A854CB52350}.Release|Any CPU.ActiveCfg = Release|Any CPU
		{31427696-07BF-4905-8DF9-7A854CB52350}.Release|Any CPU.Build.0 = Release|Any CPU
		{99359DB7-2F4F-4B58-BFDE-618C1BF9029F}.Debug|Any CPU.ActiveCfg = Debug|Any CPU
		{99359DB7-2F4F-4B58-BFDE-618C1BF9029F}.Debug|Any CPU.Build.0 = Debug|Any CPU
		{99359DB7-2F4F-4B58-BFDE-618C1BF9029F}.Release|Any CPU.ActiveCfg = Release|Any CPU
		{99359DB7-2F4F-4B58-BFDE-618C1BF9029F}.Release|Any CPU.Build.0 = Release|Any CPU
		{C883BD46-468C-4DAF-9EA0-187782385D59}.Debug|Any CPU.ActiveCfg = Debug|Any CPU
		{C883BD46-468C-4DAF-9EA0-187782385D59}.Debug|Any CPU.Build.0 = Debug|Any CPU
		{C883BD46-468C-4DAF-9EA0-187782385D59}.Release|Any CPU.ActiveCfg = Release|Any CPU
		{C883BD46-468C-4DAF-9EA0-187782385D59}.Release|Any CPU.Build.0 = Release|Any CPU
		{C5E699CF-D85F-4C51-AA43-6CD6C6F57A71}.Debug|Any CPU.ActiveCfg = Debug|Any CPU
		{C5E699CF-D85F-4C51-AA43-6CD6C6F57A71}.Debug|Any CPU.Build.0 = Debug|Any CPU
		{C5E699CF-D85F-4C51-AA43-6CD6C6F57A71}.Release|Any CPU.ActiveCfg = Release|Any CPU
		{C5E699CF-D85F-4C51-AA43-6CD6C6F57A71}.Release|Any CPU.Build.0 = Release|Any CPU
		{1D032A26-940B-450C-9C4C-8CC3690264CF}.Debug|Any CPU.ActiveCfg = Debug|Any CPU
		{1D032A26-940B-450C-9C4C-8CC3690264CF}.Debug|Any CPU.Build.0 = Debug|Any CPU
		{1D032A26-940B-450C-9C4C-8CC3690264CF}.Release|Any CPU.ActiveCfg = Release|Any CPU
		{1D032A26-940B-450C-9C4C-8CC3690264CF}.Release|Any CPU.Build.0 = Release|Any CPU
	EndGlobalSection
	GlobalSection(SolutionProperties) = preSolution
		HideSolutionNode = FALSE
	EndGlobalSection
	GlobalSection(ExtensibilityGlobals) = postSolution
		SolutionGuid = {51F1DAD9-8DB2-4137-9DEC-16B812DDDC62}
	EndGlobalSection
EndGlobal
